
Microsoft Visual Studio Solution File, Format Version 12.00
# Visual Studio 2012
Project("{FAE04EC0-301F-11D3-BF4B-00C04F79EFBC}") = "JamesRSkemp.VideoGamesSpa.Web", "JamesRSkemp.VideoGamesSpa.Web\JamesRSkemp.VideoGamesSpa.Web.csproj", "{369A9E8C-4E32-45BB-9392-B426101CA7CF}"
EndProject
Global
	GlobalSection(SolutionConfigurationPlatforms) = preSolution
		Debug|Any CPU = Debug|Any CPU
		Release|Any CPU = Release|Any CPU
	EndGlobalSection
	GlobalSection(ProjectConfigurationPlatforms) = postSolution
		{369A9E8C-4E32-45BB-9392-B426101CA7CF}.Debug|Any CPU.ActiveCfg = Debug|Any CPU
		{369A9E8C-4E32-45BB-9392-B426101CA7CF}.Debug|Any CPU.Build.0 = Debug|Any CPU
		{369A9E8C-4E32-45BB-9392-B426101CA7CF}.Release|Any CPU.ActiveCfg = Release|Any CPU
		{369A9E8C-4E32-45BB-9392-B426101CA7CF}.Release|Any CPU.Build.0 = Release|Any CPU
	EndGlobalSection
	GlobalSection(SolutionProperties) = preSolution
		HideSolutionNode = FALSE
	EndGlobalSection
EndGlobal
